// !$*UTF8*$!
{
	archiveVersion = 1;
	classes = {
	};
	objectVersion = 56;
	objects = {

/* Begin PBXBuildFile section */
		1A4B073129F0352D0074699A /* AppDelegate.swift in Sources */ = {isa = PBXBuildFile; fileRef = 1A4B073029F0352D0074699A /* AppDelegate.swift */; };
		1A4B073329F0352D0074699A /* SceneDelegate.swift in Sources */ = {isa = PBXBuildFile; fileRef = 1A4B073229F0352D0074699A /* SceneDelegate.swift */; };
		1A4B073529F0352D0074699A /* ViewController.swift in Sources */ = {isa = PBXBuildFile; fileRef = 1A4B073429F0352D0074699A /* ViewController.swift */; };
		1A4B073A29F0352E0074699A /* Assets.xcassets in Resources */ = {isa = PBXBuildFile; fileRef = 1A4B073929F0352E0074699A /* Assets.xcassets */; };
		1A4B073D29F0352E0074699A /* LaunchScreen.storyboard in Resources */ = {isa = PBXBuildFile; fileRef = 1A4B073B29F0352E0074699A /* LaunchScreen.storyboard */; };
		1A4B074529F036360074699A /* ProfileViewController.swift in Sources */ = {isa = PBXBuildFile; fileRef = 1A4B074429F036360074699A /* ProfileViewController.swift */; };
		1A4B074729F036470074699A /* FeedViewController.swift in Sources */ = {isa = PBXBuildFile; fileRef = 1A4B074629F036470074699A /* FeedViewController.swift */; };
		1A4B074929F037A20074699A /* Language.swift in Sources */ = {isa = PBXBuildFile; fileRef = 1A4B074829F037A20074699A /* Language.swift */; };
		1A4B074B29F03A660074699A /* TableHeaderView.swift in Sources */ = {isa = PBXBuildFile; fileRef = 1A4B074A29F03A660074699A /* TableHeaderView.swift */; };
		1A4B074D29F03CDA0074699A /* UITableView+Extensions.swift in Sources */ = {isa = PBXBuildFile; fileRef = 1A4B074C29F03CD90074699A /* UITableView+Extensions.swift */; };
		1A4B074F29F184A70074699A /* BaseTableViewCell.swift in Sources */ = {isa = PBXBuildFile; fileRef = 1A4B074E29F184A70074699A /* BaseTableViewCell.swift */; };
		1A4B075129F184D20074699A /* CustomTableViewCell.swift in Sources */ = {isa = PBXBuildFile; fileRef = 1A4B075029F184D20074699A /* CustomTableViewCell.swift */; };
		1A4B075329F28C7C0074699A /* TableSectionFooterHeaderView.swift in Sources */ = {isa = PBXBuildFile; fileRef = 1A4B075229F28C7C0074699A /* TableSectionFooterHeaderView.swift */; };
		1A4B075529F28D0C0074699A /* LanguageDetailsViewController.swift in Sources */ = {isa = PBXBuildFile; fileRef = 1A4B075429F28D0C0074699A /* LanguageDetailsViewController.swift */; };
/* End PBXBuildFile section */

/* Begin PBXFileReference section */
		1A4B072D29F0352D0074699A /* Table.app */ = {isa = PBXFileReference; explicitFileType = wrapper.application; includeInIndex = 0; path = Table.app; sourceTree = BUILT_PRODUCTS_DIR; };
		1A4B073029F0352D0074699A /* AppDelegate.swift */ = {isa = PBXFileReference; lastKnownFileType = sourcecode.swift; path = AppDelegate.swift; sourceTree = "<group>"; };
		1A4B073229F0352D0074699A /* SceneDelegate.swift */ = {isa = PBXFileReference; lastKnownFileType = sourcecode.swift; path = SceneDelegate.swift; sourceTree = "<group>"; };
		1A4B073429F0352D0074699A /* ViewController.swift */ = {isa = PBXFileReference; lastKnownFileType = sourcecode.swift; path = ViewController.swift; sourceTree = "<group>"; };
		1A4B073929F0352E0074699A /* Assets.xcassets */ = {isa = PBXFileReference; lastKnownFileType = folder.assetcatalog; path = Assets.xcassets; sourceTree = "<group>"; };
		1A4B073C29F0352E0074699A /* Base */ = {isa = PBXFileReference; lastKnownFileType = file.storyboard; name = Base; path = Base.lproj/LaunchScreen.storyboard; sourceTree = "<group>"; };
		1A4B073E29F0352E0074699A /* Info.plist */ = {isa = PBXFileReference; lastKnownFileType = text.plist.xml; path = Info.plist; sourceTree = "<group>"; };
		1A4B074429F036360074699A /* ProfileViewController.swift */ = {isa = PBXFileReference; lastKnownFileType = sourcecode.swift; path = ProfileViewController.swift; sourceTree = "<group>"; };
		1A4B074629F036470074699A /* FeedViewController.swift */ = {isa = PBXFileReference; lastKnownFileType = sourcecode.swift; path = FeedViewController.swift; sourceTree = "<group>"; };
		1A4B074829F037A20074699A /* Language.swift */ = {isa = PBXFileReference; lastKnownFileType = sourcecode.swift; path = Language.swift; sourceTree = "<group>"; };
		1A4B074A29F03A660074699A /* TableHeaderView.swift */ = {isa = PBXFileReference; lastKnownFileType = sourcecode.swift; path = TableHeaderView.swift; sourceTree = "<group>"; };
		1A4B074C29F03CD90074699A /* UITableView+Extensions.swift */ = {isa = PBXFileReference; lastKnownFileType = sourcecode.swift; path = "UITableView+Extensions.swift"; sourceTree = "<group>"; };
		1A4B074E29F184A70074699A /* BaseTableViewCell.swift */ = {isa = PBXFileReference; lastKnownFileType = sourcecode.swift; path = BaseTableViewCell.swift; sourceTree = "<group>"; };
		1A4B075029F184D20074699A /* CustomTableViewCell.swift */ = {isa = PBXFileReference; lastKnownFileType = sourcecode.swift; path = CustomTableViewCell.swift; sourceTree = "<group>"; };
		1A4B075229F28C7C0074699A /* TableSectionFooterHeaderView.swift */ = {isa = PBXFileReference; lastKnownFileType = sourcecode.swift; path = TableSectionFooterHeaderView.swift; sourceTree = "<group>"; };
		1A4B075429F28D0C0074699A /* LanguageDetailsViewController.swift */ = {isa = PBXFileReference; lastKnownFileType = sourcecode.swift; path = LanguageDetailsViewController.swift; sourceTree = "<group>"; };
/* End PBXFileReference section */

/* Begin PBXFrameworksBuildPhase section */
		1A4B072A29F0352D0074699A /* Frameworks */ = {
			isa = PBXFrameworksBuildPhase;
			buildActionMask = 2147483647;
			files = (
			);
			runOnlyForDeploymentPostprocessing = 0;
		};
/* End PBXFrameworksBuildPhase section */

/* Begin PBXGroup section */
		1A4B072429F0352D0074699A = {
			isa = PBXGroup;
			children = (
				1A4B072F29F0352D0074699A /* Table */,
				1A4B072E29F0352D0074699A /* Products */,
			);
			sourceTree = "<group>";
		};
		1A4B072E29F0352D0074699A /* Products */ = {
			isa = PBXGroup;
			children = (
				1A4B072D29F0352D0074699A /* Table.app */,
			);
			name = Products;
			sourceTree = "<group>";
		};
		1A4B072F29F0352D0074699A /* Table */ = {
			isa = PBXGroup;
			children = (
				1A4B073029F0352D0074699A /* AppDelegate.swift */,
				1A4B073229F0352D0074699A /* SceneDelegate.swift */,
				1A4B074A29F03A660074699A /* TableHeaderView.swift */,
				1A4B074429F036360074699A /* ProfileViewController.swift */,
				1A4B074829F037A20074699A /* Language.swift */,
				1A4B074629F036470074699A /* FeedViewController.swift */,
				1A4B073429F0352D0074699A /* ViewController.swift */,
				1A4B075229F28C7C0074699A /* TableSectionFooterHeaderView.swift */,
				1A4B075429F28D0C0074699A /* LanguageDetailsViewController.swift */,
				1A4B074E29F184A70074699A /* BaseTableViewCell.swift */,
				1A4B075029F184D20074699A /* CustomTableViewCell.swift */,
				1A4B074C29F03CD90074699A /* UITableView+Extensions.swift */,
				1A4B073929F0352E0074699A /* Assets.xcassets */,
				1A4B073B29F0352E0074699A /* LaunchScreen.storyboard */,
				1A4B073E29F0352E0074699A /* Info.plist */,
			);
			path = Table;
			sourceTree = "<group>";
		};
/* End PBXGroup section */

/* Begin PBXNativeTarget section */
		1A4B072C29F0352D0074699A /* Table */ = {
			isa = PBXNativeTarget;
			buildConfigurationList = 1A4B074129F0352E0074699A /* Build configuration list for PBXNativeTarget "Table" */;
			buildPhases = (
				1A4B072929F0352D0074699A /* Sources */,
				1A4B072A29F0352D0074699A /* Frameworks */,
				1A4B072B29F0352D0074699A /* Resources */,
			);
			buildRules = (
			);
			dependencies = (
			);
			name = Table;
			productName = Table;
			productReference = 1A4B072D29F0352D0074699A /* Table.app */;
			productType = "com.apple.product-type.application";
		};
/* End PBXNativeTarget section */

/* Begin PBXProject section */
		1A4B072529F0352D0074699A /* Project object */ = {
			isa = PBXProject;
			attributes = {
				BuildIndependentTargetsInParallel = 1;
				LastSwiftUpdateCheck = 1430;
				LastUpgradeCheck = 1430;
				TargetAttributes = {
					1A4B072C29F0352D0074699A = {
						CreatedOnToolsVersion = 14.3;
					};
				};
			};
			buildConfigurationList = 1A4B072829F0352D0074699A /* Build configuration list for PBXProject "Table" */;
			compatibilityVersion = "Xcode 14.0";
			developmentRegion = en;
			hasScannedForEncodings = 0;
			knownRegions = (
				en,
				Base,
			);
			mainGroup = 1A4B072429F0352D0074699A;
			productRefGroup = 1A4B072E29F0352D0074699A /* Products */;
			projectDirPath = "";
			projectRoot = "";
			targets = (
				1A4B072C29F0352D0074699A /* Table */,
			);
		};
/* End PBXProject section */

/* Begin PBXResourcesBuildPhase section */
		1A4B072B29F0352D0074699A /* Resources */ = {
			isa = PBXResourcesBuildPhase;
			buildActionMask = 2147483647;
			files = (
				1A4B073D29F0352E0074699A /* LaunchScreen.storyboard in Resources */,
				1A4B073A29F0352E0074699A /* Assets.xcassets in Resources */,
			);
			runOnlyForDeploymentPostprocessing = 0;
		};
/* End PBXResourcesBuildPhase section */

/* Begin PBXSourcesBuildPhase section */
		1A4B072929F0352D0074699A /* Sources */ = {
			isa = PBXSourcesBuildPhase;
			buildActionMask = 2147483647;
			files = (
				1A4B073529F0352D0074699A /* ViewController.swift in Sources */,
				1A4B075329F28C7C0074699A /* TableSectionFooterHeaderView.swift in Sources */,
				1A4B073129F0352D0074699A /* AppDelegate.swift in Sources */,
				1A4B074729F036470074699A /* FeedViewController.swift in Sources */,
				1A4B074D29F03CDA0074699A /* UITableView+Extensions.swift in Sources */,
				1A4B074F29F184A70074699A /* BaseTableViewCell.swift in Sources */,
				1A4B074929F037A20074699A /* Language.swift in Sources */,
				1A4B075529F28D0C0074699A /* LanguageDetailsViewController.swift in Sources */,
				1A4B075129F184D20074699A /* CustomTableViewCell.swift in Sources */,
				1A4B074529F036360074699A /* ProfileViewController.swift in Sources */,
				1A4B074B29F03A660074699A /* TableHeaderView.swift in Sources */,
				1A4B073329F0352D0074699A /* SceneDelegate.swift in Sources */,
			);
			runOnlyForDeploymentPostprocessing = 0;
		};
/* End PBXSourcesBuildPhase section */

/* Begin PBXVariantGroup section */
		1A4B073B29F0352E0074699A /* LaunchScreen.storyboard */ = {
			isa = PBXVariantGroup;
			children = (
				1A4B073C29F0352E0074699A /* Base */,
			);
			name = LaunchScreen.storyboard;
			sourceTree = "<group>";
		};
/* End PBXVariantGroup section */

/* Begin XCBuildConfiguration section */
		1A4B073F29F0352E0074699A /* Debug */ = {
			isa = XCBuildConfiguration;
			buildSettings = {
				ALWAYS_SEARCH_USER_PATHS = NO;
				CLANG_ANALYZER_NONNULL = YES;
				CLANG_ANALYZER_NUMBER_OBJECT_CONVERSION = YES_AGGRESSIVE;
				CLANG_CXX_LANGUAGE_STANDARD = "gnu++20";
				CLANG_ENABLE_MODULES = YES;
				CLANG_ENABLE_OBJC_ARC = YES;
				CLANG_ENABLE_OBJC_WEAK = YES;
				CLANG_WARN_BLOCK_CAPTURE_AUTORELEASING = YES;
				CLANG_WARN_BOOL_CONVERSION = YES;
				CLANG_WARN_COMMA = YES;
				CLANG_WARN_CONSTANT_CONVERSION = YES;
				CLANG_WARN_DEPRECATED_OBJC_IMPLEMENTATIONS = YES;
				CLANG_WARN_DIRECT_OBJC_ISA_USAGE = YES_ERROR;
				CLANG_WARN_DOCUMENTATION_COMMENTS = YES;
				CLANG_WARN_EMPTY_BODY = YES;
				CLANG_WARN_ENUM_CONVERSION = YES;
				CLANG_WARN_INFINITE_RECURSION = YES;
				CLANG_WARN_INT_CONVERSION = YES;
				CLANG_WARN_NON_LITERAL_NULL_CONVERSION = YES;
				CLANG_WARN_OBJC_IMPLICIT_RETAIN_SELF = YES;
				CLANG_WARN_OBJC_LITERAL_CONVERSION = YES;
				CLANG_WARN_OBJC_ROOT_CLASS = YES_ERROR;
				CLANG_WARN_QUOTED_INCLUDE_IN_FRAMEWORK_HEADER = YES;
				CLANG_WARN_RANGE_LOOP_ANALYSIS = YES;
				CLANG_WARN_STRICT_PROTOTYPES = YES;
				CLANG_WARN_SUSPICIOUS_MOVE = YES;
				CLANG_WARN_UNGUARDED_AVAILABILITY = YES_AGGRESSIVE;
				CLANG_WARN_UNREACHABLE_CODE = YES;
				CLANG_WARN__DUPLICATE_METHOD_MATCH = YES;
				COPY_PHASE_STRIP = NO;
				DEBUG_INFORMATION_FORMAT = dwarf;
				ENABLE_STRICT_OBJC_MSGSEND = YES;
				ENABLE_TESTABILITY = YES;
				GCC_C_LANGUAGE_STANDARD = gnu11;
				GCC_DYNAMIC_NO_PIC = NO;
				GCC_NO_COMMON_BLOCKS = YES;
				GCC_OPTIMIZATION_LEVEL = 0;
				GCC_PREPROCESSOR_DEFINITIONS = (
					"DEBUG=1",
					"$(inherited)",
				);
				GCC_WARN_64_TO_32_BIT_CONVERSION = YES;
				GCC_WARN_ABOUT_RETURN_TYPE = YES_ERROR;
				GCC_WARN_UNDECLARED_SELECTOR = YES;
				GCC_WARN_UNINITIALIZED_AUTOS = YES_AGGRESSIVE;
				GCC_WARN_UNUSED_FUNCTION = YES;
				GCC_WARN_UNUSED_VARIABLE = YES;
				IPHONEOS_DEPLOYMENT_TARGET = 16.4;
				MTL_ENABLE_DEBUG_INFO = INCLUDE_SOURCE;
				MTL_FAST_MATH = YES;
				ONLY_ACTIVE_ARCH = YES;
				SDKROOT = iphoneos;
				SWIFT_ACTIVE_COMPILATION_CONDITIONS = DEBUG;
				SWIFT_OPTIMIZATION_LEVEL = "-Onone";
			};
			name = Debug;
		};
		1A4B074029F0352E0074699A /* Release */ = {
			isa = XCBuildConfiguration;
			buildSettings = {
				ALWAYS_SEARCH_USER_PATHS = NO;
				CLANG_ANALYZER_NONNULL = YES;
				CLANG_ANALYZER_NUMBER_OBJECT_CONVERSION = YES_AGGRESSIVE;
				CLANG_CXX_LANGUAGE_STANDARD = "gnu++20";
				CLANG_ENABLE_MODULES = YES;
				CLANG_ENABLE_OBJC_ARC = YES;
				CLANG_ENABLE_OBJC_WEAK = YES;
				CLANG_WARN_BLOCK_CAPTURE_AUTORELEASING = YES;
				CLANG_WARN_BOOL_CONVERSION = YES;
				CLANG_WARN_COMMA = YES;
				CLANG_WARN_CONSTANT_CONVERSION = YES;
				CLANG_WARN_DEPRECATED_OBJC_IMPLEMENTATIONS = YES;
				CLANG_WARN_DIRECT_OBJC_ISA_USAGE = YES_ERROR;
				CLANG_WARN_DOCUMENTATION_COMMENTS = YES;
				CLANG_WARN_EMPTY_BODY = YES;
				CLANG_WARN_ENUM_CONVERSION = YES;
				CLANG_WARN_INFINITE_RECURSION = YES;
				CLANG_WARN_INT_CONVERSION = YES;
				CLANG_WARN_NON_LITERAL_NULL_CONVERSION = YES;
				CLANG_WARN_OBJC_IMPLICIT_RETAIN_SELF = YES;
				CLANG_WARN_OBJC_LITERAL_CONVERSION = YES;
				CLANG_WARN_OBJC_ROOT_CLASS = YES_ERROR;
				CLANG_WARN_QUOTED_INCLUDE_IN_FRAMEWORK_HEADER = YES;
				CLANG_WARN_RANGE_LOOP_ANALYSIS = YES;
				CLANG_WARN_STRICT_PROTOTYPES = YES;
				CLANG_WARN_SUSPICIOUS_MOVE = YES;
				CLANG_WARN_UNGUARDED_AVAILABILITY = YES_AGGRESSIVE;
				CLANG_WARN_UNREACHABLE_CODE = YES;
				CLANG_WARN__DUPLICATE_METHOD_MATCH = YES;
				COPY_PHASE_STRIP = NO;
				DEBUG_INFORMATION_FORMAT = "dwarf-with-dsym";
				ENABLE_NS_ASSERTIONS = NO;
				ENABLE_STRICT_OBJC_MSGSEND = YES;
				GCC_C_LANGUAGE_STANDARD = gnu11;
				GCC_NO_COMMON_BLOCKS = YES;
				GCC_WARN_64_TO_32_BIT_CONVERSION = YES;
				GCC_WARN_ABOUT_RETURN_TYPE = YES_ERROR;
				GCC_WARN_UNDECLARED_SELECTOR = YES;
				GCC_WARN_UNINITIALIZED_AUTOS = YES_AGGRESSIVE;
				GCC_WARN_UNUSED_FUNCTION = YES;
				GCC_WARN_UNUSED_VARIABLE = YES;
				IPHONEOS_DEPLOYMENT_TARGET = 16.4;
				MTL_ENABLE_DEBUG_INFO = NO;
				MTL_FAST_MATH = YES;
				SDKROOT = iphoneos;
				SWIFT_COMPILATION_MODE = wholemodule;
				SWIFT_OPTIMIZATION_LEVEL = "-O";
				VALIDATE_PRODUCT = YES;
			};
			name = Release;
		};
		1A4B074229F0352E0074699A /* Debug */ = {
			isa = XCBuildConfiguration;
			buildSettings = {
				ASSETCATALOG_COMPILER_APPICON_NAME = AppIcon;
				ASSETCATALOG_COMPILER_GLOBAL_ACCENT_COLOR_NAME = AccentColor;
				CODE_SIGN_STYLE = Automatic;
				CURRENT_PROJECT_VERSION = 1;
				DEVELOPMENT_TEAM = WTYW4Q83YA;
				GENERATE_INFOPLIST_FILE = YES;
				INFOPLIST_FILE = Table/Info.plist;
				INFOPLIST_KEY_UIApplicationSupportsIndirectInputEvents = YES;
				INFOPLIST_KEY_UILaunchStoryboardName = LaunchScreen;
				INFOPLIST_KEY_UISupportedInterfaceOrientations_iPad = "UIInterfaceOrientationPortrait UIInterfaceOrientationPortraitUpsideDown UIInterfaceOrientationLandscapeLeft UIInterfaceOrientationLandscapeRight";
				INFOPLIST_KEY_UISupportedInterfaceOrientations_iPhone = "UIInterfaceOrientationPortrait UIInterfaceOrientationLandscapeLeft UIInterfaceOrientationLandscapeRight";
				LD_RUNPATH_SEARCH_PATHS = (
					"$(inherited)",
					"@executable_path/Frameworks",
				);
				MARKETING_VERSION = 1.0;
				PRODUCT_BUNDLE_IDENTIFIER = EU.Table;
				PRODUCT_NAME = "$(TARGET_NAME)";
				SWIFT_EMIT_LOC_STRINGS = YES;
				SWIFT_VERSION = 5.0;
				TARGETED_DEVICE_FAMILY = "1,2";
			};
			name = Debug;
		};
		1A4B074329F0352E0074699A /* Release */ = {
			isa = XCBuildConfiguration;
			buildSettings = {
				ASSETCATALOG_COMPILER_APPICON_NAME = AppIcon;
				ASSETCATALOG_COMPILER_GLOBAL_ACCENT_COLOR_NAME = AccentColor;
				CODE_SIGN_STYLE = Automatic;
				CURRENT_PROJECT_VERSION = 1;
				DEVELOPMENT_TEAM = WTYW4Q83YA;
				GENERATE_INFOPLIST_FILE = YES;
				INFOPLIST_FILE = Table/Info.plist;
				INFOPLIST_KEY_UIApplicationSupportsIndirectInputEvents = YES;
				INFOPLIST_KEY_UILaunchStoryboardName = LaunchScreen;
				INFOPLIST_KEY_UISupportedInterfaceOrientations_iPad = "UIInterfaceOrientationPortrait UIInterfaceOrientationPortraitUpsideDown UIInterfaceOrientationLandscapeLeft UIInterfaceOrientationLandscapeRight";
				INFOPLIST_KEY_UISupportedInterfaceOrientations_iPhone = "UIInterfaceOrientationPortrait UIInterfaceOrientationLandscapeLeft UIInterfaceOrientationLandscapeRight";
				LD_RUNPATH_SEARCH_PATHS = (
					"$(inherited)",
					"@executable_path/Frameworks",
				);
				MARKETING_VERSION = 1.0;
				PRODUCT_BUNDLE_IDENTIFIER = EU.Table;
				PRODUCT_NAME = "$(TARGET_NAME)";
				SWIFT_EMIT_LOC_STRINGS = YES;
				SWIFT_VERSION = 5.0;
				TARGETED_DEVICE_FAMILY = "1,2";
			};
			name = Release;
		};
/* End XCBuildConfiguration section */

/* Begin XCConfigurationList section */
		1A4B072829F0352D0074699A /* Build configuration list for PBXProject "Table" */ = {
			isa = XCConfigurationList;
			buildConfigurations = (
				1A4B073F29F0352E0074699A /* Debug */,
				1A4B074029F0352E0074699A /* Release */,
			);
			defaultConfigurationIsVisible = 0;
			defaultConfigurationName = Release;
		};
		1A4B074129F0352E0074699A /* Build configuration list for PBXNativeTarget "Table" */ = {
			isa = XCConfigurationList;
			buildConfigurations = (
				1A4B074229F0352E0074699A /* Debug */,
				1A4B074329F0352E0074699A /* Release */,
			);
			defaultConfigurationIsVisible = 0;
			defaultConfigurationName = Release;
		};
/* End XCConfigurationList section */
	};
	rootObject = 1A4B072529F0352D0074699A /* Project object */;
}
