// !$*UTF8*$!
{
	archiveVersion = 1;
	classes = {
	};
	objectVersion = 56;
	objects = {

/* Begin PBXBuildFile section */
		1A141BC229E0062700035BC3 /* AppDelegate.swift in Sources */ = {isa = PBXBuildFile; fileRef = 1A141BC129E0062700035BC3 /* AppDelegate.swift */; };
		1A141BC429E0062700035BC3 /* SceneDelegate.swift in Sources */ = {isa = PBXBuildFile; fileRef = 1A141BC329E0062700035BC3 /* SceneDelegate.swift */; };
		1A141BC629E0062700035BC3 /* ViewController.swift in Sources */ = {isa = PBXBuildFile; fileRef = 1A141BC529E0062700035BC3 /* ViewController.swift */; };
		1A141BCB29E0062800035BC3 /* Assets.xcassets in Resources */ = {isa = PBXBuildFile; fileRef = 1A141BCA29E0062800035BC3 /* Assets.xcassets */; };
		1A141BCE29E0062800035BC3 /* LaunchScreen.storyboard in Resources */ = {isa = PBXBuildFile; fileRef = 1A141BCC29E0062800035BC3 /* LaunchScreen.storyboard */; };
		1A8FB7D029E009D1001CCAFD /* ProfileViewController.swift in Sources */ = {isa = PBXBuildFile; fileRef = 1A8FB7CF29E009D1001CCAFD /* ProfileViewController.swift */; };
		1A8FB7D229E009E3001CCAFD /* SettingViewController.swift in Sources */ = {isa = PBXBuildFile; fileRef = 1A8FB7D129E009E3001CCAFD /* SettingViewController.swift */; };
		1A8FB7D429E00AC6001CCAFD /* DetailsInfoViewController.swift in Sources */ = {isa = PBXBuildFile; fileRef = 1A8FB7D329E00AC6001CCAFD /* DetailsInfoViewController.swift */; };
/* End PBXBuildFile section */

/* Begin PBXFileReference section */
		1A141BBE29E0062700035BC3 /* Базовые UI компоненты lesson4.app */ = {isa = PBXFileReference; explicitFileType = wrapper.application; includeInIndex = 0; path = "Базовые UI компоненты lesson4.app"; sourceTree = BUILT_PRODUCTS_DIR; };
		1A141BC129E0062700035BC3 /* AppDelegate.swift */ = {isa = PBXFileReference; lastKnownFileType = sourcecode.swift; path = AppDelegate.swift; sourceTree = "<group>"; };
		1A141BC329E0062700035BC3 /* SceneDelegate.swift */ = {isa = PBXFileReference; lastKnownFileType = sourcecode.swift; path = SceneDelegate.swift; sourceTree = "<group>"; };
		1A141BC529E0062700035BC3 /* ViewController.swift */ = {isa = PBXFileReference; lastKnownFileType = sourcecode.swift; path = ViewController.swift; sourceTree = "<group>"; };
		1A141BCA29E0062800035BC3 /* Assets.xcassets */ = {isa = PBXFileReference; lastKnownFileType = folder.assetcatalog; path = Assets.xcassets; sourceTree = "<group>"; };
		1A141BCD29E0062800035BC3 /* Base */ = {isa = PBXFileReference; lastKnownFileType = file.storyboard; name = Base; path = Base.lproj/LaunchScreen.storyboard; sourceTree = "<group>"; };
		1A141BCF29E0062800035BC3 /* Info.plist */ = {isa = PBXFileReference; lastKnownFileType = text.plist.xml; path = Info.plist; sourceTree = "<group>"; };
		1A8FB7CF29E009D1001CCAFD /* ProfileViewController.swift */ = {isa = PBXFileReference; lastKnownFileType = sourcecode.swift; path = ProfileViewController.swift; sourceTree = "<group>"; };
		1A8FB7D129E009E3001CCAFD /* SettingViewController.swift */ = {isa = PBXFileReference; lastKnownFileType = sourcecode.swift; path = SettingViewController.swift; sourceTree = "<group>"; };
		1A8FB7D329E00AC6001CCAFD /* DetailsInfoViewController.swift */ = {isa = PBXFileReference; lastKnownFileType = sourcecode.swift; path = DetailsInfoViewController.swift; sourceTree = "<group>"; };
/* End PBXFileReference section */

/* Begin PBXFrameworksBuildPhase section */
		1A141BBB29E0062700035BC3 /* Frameworks */ = {
			isa = PBXFrameworksBuildPhase;
			buildActionMask = 2147483647;
			files = (
			);
			runOnlyForDeploymentPostprocessing = 0;
		};
/* End PBXFrameworksBuildPhase section */

/* Begin PBXGroup section */
		1A141BB529E0062700035BC3 = {
			isa = PBXGroup;
			children = (
				1A141BC029E0062700035BC3 /* Базовые UI компоненты lesson4 */,
				1A141BBF29E0062700035BC3 /* Products */,
			);
			sourceTree = "<group>";
		};
		1A141BBF29E0062700035BC3 /* Products */ = {
			isa = PBXGroup;
			children = (
				1A141BBE29E0062700035BC3 /* Базовые UI компоненты lesson4.app */,
			);
			name = Products;
			sourceTree = "<group>";
		};
		1A141BC029E0062700035BC3 /* Базовые UI компоненты lesson4 */ = {
			isa = PBXGroup;
			children = (
				1A141BC129E0062700035BC3 /* AppDelegate.swift */,
				1A141BC329E0062700035BC3 /* SceneDelegate.swift */,
				1A8FB7D329E00AC6001CCAFD /* DetailsInfoViewController.swift */,
				1A8FB7D129E009E3001CCAFD /* SettingViewController.swift */,
				1A8FB7CF29E009D1001CCAFD /* ProfileViewController.swift */,
				1A141BC529E0062700035BC3 /* ViewController.swift */,
				1A141BCA29E0062800035BC3 /* Assets.xcassets */,
				1A141BCC29E0062800035BC3 /* LaunchScreen.storyboard */,
				1A141BCF29E0062800035BC3 /* Info.plist */,
			);
			path = "Базовые UI компоненты lesson4";
			sourceTree = "<group>";
		};
/* End PBXGroup section */

/* Begin PBXNativeTarget section */
		1A141BBD29E0062700035BC3 /* Базовые UI компоненты lesson4 */ = {
			isa = PBXNativeTarget;
			buildConfigurationList = 1A141BD229E0062800035BC3 /* Build configuration list for PBXNativeTarget "Базовые UI компоненты lesson4" */;
			buildPhases = (
				1A141BBA29E0062700035BC3 /* Sources */,
				1A141BBB29E0062700035BC3 /* Frameworks */,
				1A141BBC29E0062700035BC3 /* Resources */,
			);
			buildRules = (
			);
			dependencies = (
			);
			name = "Базовые UI компоненты lesson4";
			productName = "Базовые UI компоненты lesson4";
			productReference = 1A141BBE29E0062700035BC3 /* Базовые UI компоненты lesson4.app */;
			productType = "com.apple.product-type.application";
		};
/* End PBXNativeTarget section */

/* Begin PBXProject section */
		1A141BB629E0062700035BC3 /* Project object */ = {
			isa = PBXProject;
			attributes = {
				BuildIndependentTargetsInParallel = 1;
				LastSwiftUpdateCheck = 1430;
				LastUpgradeCheck = 1430;
				TargetAttributes = {
					1A141BBD29E0062700035BC3 = {
						CreatedOnToolsVersion = 14.3;
					};
				};
			};
			buildConfigurationList = 1A141BB929E0062700035BC3 /* Build configuration list for PBXProject "Базовые UI компоненты lesson4" */;
			compatibilityVersion = "Xcode 14.0";
			developmentRegion = en;
			hasScannedForEncodings = 0;
			knownRegions = (
				en,
				Base,
			);
			mainGroup = 1A141BB529E0062700035BC3;
			productRefGroup = 1A141BBF29E0062700035BC3 /* Products */;
			projectDirPath = "";
			projectRoot = "";
			targets = (
				1A141BBD29E0062700035BC3 /* Базовые UI компоненты lesson4 */,
			);
		};
/* End PBXProject section */

/* Begin PBXResourcesBuildPhase section */
		1A141BBC29E0062700035BC3 /* Resources */ = {
			isa = PBXResourcesBuildPhase;
			buildActionMask = 2147483647;
			files = (
				1A141BCE29E0062800035BC3 /* LaunchScreen.storyboard in Resources */,
				1A141BCB29E0062800035BC3 /* Assets.xcassets in Resources */,
			);
			runOnlyForDeploymentPostprocessing = 0;
		};
/* End PBXResourcesBuildPhase section */

/* Begin PBXSourcesBuildPhase section */
		1A141BBA29E0062700035BC3 /* Sources */ = {
			isa = PBXSourcesBuildPhase;
			buildActionMask = 2147483647;
			files = (
				1A8FB7D229E009E3001CCAFD /* SettingViewController.swift in Sources */,
				1A8FB7D429E00AC6001CCAFD /* DetailsInfoViewController.swift in Sources */,
				1A141BC629E0062700035BC3 /* ViewController.swift in Sources */,
				1A141BC229E0062700035BC3 /* AppDelegate.swift in Sources */,
				1A8FB7D029E009D1001CCAFD /* ProfileViewController.swift in Sources */,
				1A141BC429E0062700035BC3 /* SceneDelegate.swift in Sources */,
			);
			runOnlyForDeploymentPostprocessing = 0;
		};
/* End PBXSourcesBuildPhase section */

/* Begin PBXVariantGroup section */
		1A141BCC29E0062800035BC3 /* LaunchScreen.storyboard */ = {
			isa = PBXVariantGroup;
			children = (
				1A141BCD29E0062800035BC3 /* Base */,
			);
			name = LaunchScreen.storyboard;
			sourceTree = "<group>";
		};
/* End PBXVariantGroup section */

/* Begin XCBuildConfiguration section */
		1A141BD029E0062800035BC3 /* Debug */ = {
			isa = XCBuildConfiguration;
			buildSettings = {
				ALWAYS_SEARCH_USER_PATHS = NO;
				CLANG_ANALYZER_NONNULL = YES;
				CLANG_ANALYZER_NUMBER_OBJECT_CONVERSION = YES_AGGRESSIVE;
				CLANG_CXX_LANGUAGE_STANDARD = "gnu++20";
				CLANG_ENABLE_MODULES = YES;
				CLANG_ENABLE_OBJC_ARC = YES;
				CLANG_ENABLE_OBJC_WEAK = YES;
				CLANG_WARN_BLOCK_CAPTURE_AUTORELEASING = YES;
				CLANG_WARN_BOOL_CONVERSION = YES;
				CLANG_WARN_COMMA = YES;
				CLANG_WARN_CONSTANT_CONVERSION = YES;
				CLANG_WARN_DEPRECATED_OBJC_IMPLEMENTATIONS = YES;
				CLANG_WARN_DIRECT_OBJC_ISA_USAGE = YES_ERROR;
				CLANG_WARN_DOCUMENTATION_COMMENTS = YES;
				CLANG_WARN_EMPTY_BODY = YES;
				CLANG_WARN_ENUM_CONVERSION = YES;
				CLANG_WARN_INFINITE_RECURSION = YES;
				CLANG_WARN_INT_CONVERSION = YES;
				CLANG_WARN_NON_LITERAL_NULL_CONVERSION = YES;
				CLANG_WARN_OBJC_IMPLICIT_RETAIN_SELF = YES;
				CLANG_WARN_OBJC_LITERAL_CONVERSION = YES;
				CLANG_WARN_OBJC_ROOT_CLASS = YES_ERROR;
				CLANG_WARN_QUOTED_INCLUDE_IN_FRAMEWORK_HEADER = YES;
				CLANG_WARN_RANGE_LOOP_ANALYSIS = YES;
				CLANG_WARN_STRICT_PROTOTYPES = YES;
				CLANG_WARN_SUSPICIOUS_MOVE = YES;
				CLANG_WARN_UNGUARDED_AVAILABILITY = YES_AGGRESSIVE;
				CLANG_WARN_UNREACHABLE_CODE = YES;
				CLANG_WARN__DUPLICATE_METHOD_MATCH = YES;
				COPY_PHASE_STRIP = NO;
				DEBUG_INFORMATION_FORMAT = dwarf;
				ENABLE_STRICT_OBJC_MSGSEND = YES;
				ENABLE_TESTABILITY = YES;
				GCC_C_LANGUAGE_STANDARD = gnu11;
				GCC_DYNAMIC_NO_PIC = NO;
				GCC_NO_COMMON_BLOCKS = YES;
				GCC_OPTIMIZATION_LEVEL = 0;
				GCC_PREPROCESSOR_DEFINITIONS = (
					"DEBUG=1",
					"$(inherited)",
				);
				GCC_WARN_64_TO_32_BIT_CONVERSION = YES;
				GCC_WARN_ABOUT_RETURN_TYPE = YES_ERROR;
				GCC_WARN_UNDECLARED_SELECTOR = YES;
				GCC_WARN_UNINITIALIZED_AUTOS = YES_AGGRESSIVE;
				GCC_WARN_UNUSED_FUNCTION = YES;
				GCC_WARN_UNUSED_VARIABLE = YES;
				IPHONEOS_DEPLOYMENT_TARGET = 16.4;
				MTL_ENABLE_DEBUG_INFO = INCLUDE_SOURCE;
				MTL_FAST_MATH = YES;
				ONLY_ACTIVE_ARCH = YES;
				SDKROOT = iphoneos;
				SWIFT_ACTIVE_COMPILATION_CONDITIONS = DEBUG;
				SWIFT_OPTIMIZATION_LEVEL = "-Onone";
			};
			name = Debug;
		};
		1A141BD129E0062800035BC3 /* Release */ = {
			isa = XCBuildConfiguration;
			buildSettings = {
				ALWAYS_SEARCH_USER_PATHS = NO;
				CLANG_ANALYZER_NONNULL = YES;
				CLANG_ANALYZER_NUMBER_OBJECT_CONVERSION = YES_AGGRESSIVE;
				CLANG_CXX_LANGUAGE_STANDARD = "gnu++20";
				CLANG_ENABLE_MODULES = YES;
				CLANG_ENABLE_OBJC_ARC = YES;
				CLANG_ENABLE_OBJC_WEAK = YES;
				CLANG_WARN_BLOCK_CAPTURE_AUTORELEASING = YES;
				CLANG_WARN_BOOL_CONVERSION = YES;
				CLANG_WARN_COMMA = YES;
				CLANG_WARN_CONSTANT_CONVERSION = YES;
				CLANG_WARN_DEPRECATED_OBJC_IMPLEMENTATIONS = YES;
				CLANG_WARN_DIRECT_OBJC_ISA_USAGE = YES_ERROR;
				CLANG_WARN_DOCUMENTATION_COMMENTS = YES;
				CLANG_WARN_EMPTY_BODY = YES;
				CLANG_WARN_ENUM_CONVERSION = YES;
				CLANG_WARN_INFINITE_RECURSION = YES;
				CLANG_WARN_INT_CONVERSION = YES;
				CLANG_WARN_NON_LITERAL_NULL_CONVERSION = YES;
				CLANG_WARN_OBJC_IMPLICIT_RETAIN_SELF = YES;
				CLANG_WARN_OBJC_LITERAL_CONVERSION = YES;
				CLANG_WARN_OBJC_ROOT_CLASS = YES_ERROR;
				CLANG_WARN_QUOTED_INCLUDE_IN_FRAMEWORK_HEADER = YES;
				CLANG_WARN_RANGE_LOOP_ANALYSIS = YES;
				CLANG_WARN_STRICT_PROTOTYPES = YES;
				CLANG_WARN_SUSPICIOUS_MOVE = YES;
				CLANG_WARN_UNGUARDED_AVAILABILITY = YES_AGGRESSIVE;
				CLANG_WARN_UNREACHABLE_CODE = YES;
				CLANG_WARN__DUPLICATE_METHOD_MATCH = YES;
				COPY_PHASE_STRIP = NO;
				DEBUG_INFORMATION_FORMAT = "dwarf-with-dsym";
				ENABLE_NS_ASSERTIONS = NO;
				ENABLE_STRICT_OBJC_MSGSEND = YES;
				GCC_C_LANGUAGE_STANDARD = gnu11;
				GCC_NO_COMMON_BLOCKS = YES;
				GCC_WARN_64_TO_32_BIT_CONVERSION = YES;
				GCC_WARN_ABOUT_RETURN_TYPE = YES_ERROR;
				GCC_WARN_UNDECLARED_SELECTOR = YES;
				GCC_WARN_UNINITIALIZED_AUTOS = YES_AGGRESSIVE;
				GCC_WARN_UNUSED_FUNCTION = YES;
				GCC_WARN_UNUSED_VARIABLE = YES;
				IPHONEOS_DEPLOYMENT_TARGET = 16.4;
				MTL_ENABLE_DEBUG_INFO = NO;
				MTL_FAST_MATH = YES;
				SDKROOT = iphoneos;
				SWIFT_COMPILATION_MODE = wholemodule;
				SWIFT_OPTIMIZATION_LEVEL = "-O";
				VALIDATE_PRODUCT = YES;
			};
			name = Release;
		};
		1A141BD329E0062800035BC3 /* Debug */ = {
			isa = XCBuildConfiguration;
			buildSettings = {
				ASSETCATALOG_COMPILER_APPICON_NAME = AppIcon;
				ASSETCATALOG_COMPILER_GLOBAL_ACCENT_COLOR_NAME = AccentColor;
				CODE_SIGN_STYLE = Automatic;
				CURRENT_PROJECT_VERSION = 1;
				DEVELOPMENT_TEAM = WTYW4Q83YA;
				GENERATE_INFOPLIST_FILE = YES;
				INFOPLIST_FILE = "Базовые UI компоненты lesson4/Info.plist";
				INFOPLIST_KEY_UIApplicationSupportsIndirectInputEvents = YES;
				INFOPLIST_KEY_UILaunchStoryboardName = LaunchScreen;
				INFOPLIST_KEY_UISupportedInterfaceOrientations_iPad = "UIInterfaceOrientationPortrait UIInterfaceOrientationPortraitUpsideDown UIInterfaceOrientationLandscapeLeft UIInterfaceOrientationLandscapeRight";
				INFOPLIST_KEY_UISupportedInterfaceOrientations_iPhone = "UIInterfaceOrientationPortrait UIInterfaceOrientationLandscapeLeft UIInterfaceOrientationLandscapeRight";
				LD_RUNPATH_SEARCH_PATHS = (
					"$(inherited)",
					"@executable_path/Frameworks",
				);
				MARKETING_VERSION = 1.0;
				PRODUCT_BUNDLE_IDENTIFIER = "EU.--------UI------------lesson4";
				PRODUCT_NAME = "$(TARGET_NAME)";
				SWIFT_EMIT_LOC_STRINGS = YES;
				SWIFT_VERSION = 5.0;
				TARGETED_DEVICE_FAMILY = "1,2";
			};
			name = Debug;
		};
		1A141BD429E0062800035BC3 /* Release */ = {
			isa = XCBuildConfiguration;
			buildSettings = {
				ASSETCATALOG_COMPILER_APPICON_NAME = AppIcon;
				ASSETCATALOG_COMPILER_GLOBAL_ACCENT_COLOR_NAME = AccentColor;
				CODE_SIGN_STYLE = Automatic;
				CURRENT_PROJECT_VERSION = 1;
				DEVELOPMENT_TEAM = WTYW4Q83YA;
				GENERATE_INFOPLIST_FILE = YES;
				INFOPLIST_FILE = "Базовые UI компоненты lesson4/Info.plist";
				INFOPLIST_KEY_UIApplicationSupportsIndirectInputEvents = YES;
				INFOPLIST_KEY_UILaunchStoryboardName = LaunchScreen;
				INFOPLIST_KEY_UISupportedInterfaceOrientations_iPad = "UIInterfaceOrientationPortrait UIInterfaceOrientationPortraitUpsideDown UIInterfaceOrientationLandscapeLeft UIInterfaceOrientationLandscapeRight";
				INFOPLIST_KEY_UISupportedInterfaceOrientations_iPhone = "UIInterfaceOrientationPortrait UIInterfaceOrientationLandscapeLeft UIInterfaceOrientationLandscapeRight";
				LD_RUNPATH_SEARCH_PATHS = (
					"$(inherited)",
					"@executable_path/Frameworks",
				);
				MARKETING_VERSION = 1.0;
				PRODUCT_BUNDLE_IDENTIFIER = "EU.--------UI------------lesson4";
				PRODUCT_NAME = "$(TARGET_NAME)";
				SWIFT_EMIT_LOC_STRINGS = YES;
				SWIFT_VERSION = 5.0;
				TARGETED_DEVICE_FAMILY = "1,2";
			};
			name = Release;
		};
/* End XCBuildConfiguration section */

/* Begin XCConfigurationList section */
		1A141BB929E0062700035BC3 /* Build configuration list for PBXProject "Базовые UI компоненты lesson4" */ = {
			isa = XCConfigurationList;
			buildConfigurations = (
				1A141BD029E0062800035BC3 /* Debug */,
				1A141BD129E0062800035BC3 /* Release */,
			);
			defaultConfigurationIsVisible = 0;
			defaultConfigurationName = Release;
		};
		1A141BD229E0062800035BC3 /* Build configuration list for PBXNativeTarget "Базовые UI компоненты lesson4" */ = {
			isa = XCConfigurationList;
			buildConfigurations = (
				1A141BD329E0062800035BC3 /* Debug */,
				1A141BD429E0062800035BC3 /* Release */,
			);
			defaultConfigurationIsVisible = 0;
			defaultConfigurationName = Release;
		};
/* End XCConfigurationList section */
	};
	rootObject = 1A141BB629E0062700035BC3 /* Project object */;
}
